
Microsoft Visual Studio Solution File, Format Version 12.00
# Visual Studio Version 17
VisualStudioVersion = 17.14.36717.8 d17.14
MinimumVisualStudioVersion = 10.0.40219.1
Project("{FAE04EC0-301F-11D3-BF4B-00C04F79EFBC}") = "MeterReading", "MeterReading\MeterReading.csproj", "{CE4D267C-4FBB-4A9B-A3A6-A152477F56B8}"
EndProject
Global
	GlobalSection(SolutionConfigurationPlatforms) = preSolution
		Debug|Any CPU = Debug|Any CPU
		Release|Any CPU = Release|Any CPU
	EndGlobalSection
	GlobalSection(ProjectConfigurationPlatforms) = postSolution
		{CE4D267C-4FBB-4A9B-A3A6-A152477F56B8}.Debug|Any CPU.ActiveCfg = Debug|Any CPU
		{CE4D267C-4FBB-4A9B-A3A6-A152477F56B8}.Debug|Any CPU.Build.0 = Debug|Any CPU
		{CE4D267C-4FBB-4A9B-A3A6-A152477F56B8}.Release|Any CPU.ActiveCfg = Release|Any CPU
		{CE4D267C-4FBB-4A9B-A3A6-A152477F56B8}.Release|Any CPU.Build.0 = Release|Any CPU
	EndGlobalSection
	GlobalSection(SolutionProperties) = preSolution
		HideSolutionNode = FALSE
	EndGlobalSection
	GlobalSection(ExtensibilityGlobals) = postSolution
		SolutionGuid = {B82D90BD-D3B4-4EA7-B12D-DF51971897AD}
	EndGlobalSection
EndGlobal
